// !$*UTF8*$!
{
	archiveVersion = 1;
	classes = {
	};
	objectVersion = 46;
	objects = {

/* Begin PBXBuildFile section */
		38FE76F31B1D3A9E001A4822 /* AppDelegate.swift in Sources */ = {isa = PBXBuildFile; fileRef = 38FE76F21B1D3A9E001A4822 /* AppDelegate.swift */; };
		38FE76F51B1D3A9E001A4822 /* ViewController.swift in Sources */ = {isa = PBXBuildFile; fileRef = 38FE76F41B1D3A9E001A4822 /* ViewController.swift */; };
		38FE76F81B1D3A9E001A4822 /* Main.storyboard in Resources */ = {isa = PBXBuildFile; fileRef = 38FE76F61B1D3A9E001A4822 /* Main.storyboard */; };
		38FE76FA1B1D3A9E001A4822 /* Images.xcassets in Resources */ = {isa = PBXBuildFile; fileRef = 38FE76F91B1D3A9E001A4822 /* Images.xcassets */; };
		38FE76FD1B1D3A9E001A4822 /* LaunchScreen.xib in Resources */ = {isa = PBXBuildFile; fileRef = 38FE76FB1B1D3A9E001A4822 /* LaunchScreen.xib */; };
		38FE77091B1D3A9F001A4822 /* Permanent_StorageTests.swift in Sources */ = {isa = PBXBuildFile; fileRef = 38FE77081B1D3A9F001A4822 /* Permanent_StorageTests.swift */; };
/* End PBXBuildFile section */

/* Begin PBXContainerItemProxy section */
		38FE77031B1D3A9E001A4822 /* PBXContainerItemProxy */ = {
			isa = PBXContainerItemProxy;
			containerPortal = 38FE76E51B1D3A9E001A4822 /* Project object */;
			proxyType = 1;
			remoteGlobalIDString = 38FE76EC1B1D3A9E001A4822;
			remoteInfo = "Permanent Storage";
		};
/* End PBXContainerItemProxy section */

/* Begin PBXFileReference section */
		38FE76ED1B1D3A9E001A4822 /* Permanent Storage.app */ = {isa = PBXFileReference; explicitFileType = wrapper.application; includeInIndex = 0; path = "Permanent Storage.app"; sourceTree = BUILT_PRODUCTS_DIR; };
		38FE76F11B1D3A9E001A4822 /* Info.plist */ = {isa = PBXFileReference; lastKnownFileType = text.plist.xml; path = Info.plist; sourceTree = "<group>"; };
		38FE76F21B1D3A9E001A4822 /* AppDelegate.swift */ = {isa = PBXFileReference; lastKnownFileType = sourcecode.swift; path = AppDelegate.swift; sourceTree = "<group>"; };
		38FE76F41B1D3A9E001A4822 /* ViewController.swift */ = {isa = PBXFileReference; lastKnownFileType = sourcecode.swift; path = ViewController.swift; sourceTree = "<group>"; };
		38FE76F71B1D3A9E001A4822 /* Base */ = {isa = PBXFileReference; lastKnownFileType = file.storyboard; name = Base; path = Base.lproj/Main.storyboard; sourceTree = "<group>"; };
		38FE76F91B1D3A9E001A4822 /* Images.xcassets */ = {isa = PBXFileReference; lastKnownFileType = folder.assetcatalog; path = Images.xcassets; sourceTree = "<group>"; };
		38FE76FC1B1D3A9E001A4822 /* Base */ = {isa = PBXFileReference; lastKnownFileType = file.xib; name = Base; path = Base.lproj/LaunchScreen.xib; sourceTree = "<group>"; };
		38FE77021B1D3A9E001A4822 /* Permanent StorageTests.xctest */ = {isa = PBXFileReference; explicitFileType = wrapper.cfbundle; includeInIndex = 0; path = "Permanent StorageTests.xctest"; sourceTree = BUILT_PRODUCTS_DIR; };
		38FE77071B1D3A9F001A4822 /* Info.plist */ = {isa = PBXFileReference; lastKnownFileType = text.plist.xml; path = Info.plist; sourceTree = "<group>"; };
		38FE77081B1D3A9F001A4822 /* Permanent_StorageTests.swift */ = {isa = PBXFileReference; lastKnownFileType = sourcecode.swift; path = Permanent_StorageTests.swift; sourceTree = "<group>"; };
/* End PBXFileReference section */

/* Begin PBXFrameworksBuildPhase section */
		38FE76EA1B1D3A9E001A4822 /* Frameworks */ = {
			isa = PBXFrameworksBuildPhase;
			buildActionMask = 2147483647;
			files = (
			);
			runOnlyForDeploymentPostprocessing = 0;
		};
		38FE76FF1B1D3A9E001A4822 /* Frameworks */ = {
			isa = PBXFrameworksBuildPhase;
			buildActionMask = 2147483647;
			files = (
			);
			runOnlyForDeploymentPostprocessing = 0;
		};
/* End PBXFrameworksBuildPhase section */

/* Begin PBXGroup section */
		38FE76E41B1D3A9E001A4822 = {
			isa = PBXGroup;
			children = (
				38FE76EF1B1D3A9E001A4822 /* Permanent Storage */,
				38FE77051B1D3A9F001A4822 /* Permanent StorageTests */,
				38FE76EE1B1D3A9E001A4822 /* Products */,
			);
			sourceTree = "<group>";
		};
		38FE76EE1B1D3A9E001A4822 /* Products */ = {
			isa = PBXGroup;
			children = (
				38FE76ED1B1D3A9E001A4822 /* Permanent Storage.app */,
				38FE77021B1D3A9E001A4822 /* Permanent StorageTests.xctest */,
			);
			name = Products;
			sourceTree = "<group>";
		};
		38FE76EF1B1D3A9E001A4822 /* Permanent Storage */ = {
			isa = PBXGroup;
			children = (
				38FE76F21B1D3A9E001A4822 /* AppDelegate.swift */,
				38FE76F41B1D3A9E001A4822 /* ViewController.swift */,
				38FE76F61B1D3A9E001A4822 /* Main.storyboard */,
				38FE76F91B1D3A9E001A4822 /* Images.xcassets */,
				38FE76FB1B1D3A9E001A4822 /* LaunchScreen.xib */,
				38FE76F01B1D3A9E001A4822 /* Supporting Files */,
			);
			path = "Permanent Storage";
			sourceTree = "<group>";
		};
		38FE76F01B1D3A9E001A4822 /* Supporting Files */ = {
			isa = PBXGroup;
			children = (
				38FE76F11B1D3A9E001A4822 /* Info.plist */,
			);
			name = "Supporting Files";
			sourceTree = "<group>";
		};
		38FE77051B1D3A9F001A4822 /* Permanent StorageTests */ = {
			isa = PBXGroup;
			children = (
				38FE77081B1D3A9F001A4822 /* Permanent_StorageTests.swift */,
				38FE77061B1D3A9F001A4822 /* Supporting Files */,
			);
			path = "Permanent StorageTests";
			sourceTree = "<group>";
		};
		38FE77061B1D3A9F001A4822 /* Supporting Files */ = {
			isa = PBXGroup;
			children = (
				38FE77071B1D3A9F001A4822 /* Info.plist */,
			);
			name = "Supporting Files";
			sourceTree = "<group>";
		};
/* End PBXGroup section */

/* Begin PBXNativeTarget section */
		38FE76EC1B1D3A9E001A4822 /* Permanent Storage */ = {
			isa = PBXNativeTarget;
			buildConfigurationList = 38FE770C1B1D3A9F001A4822 /* Build configuration list for PBXNativeTarget "Permanent Storage" */;
			buildPhases = (
				38FE76E91B1D3A9E001A4822 /* Sources */,
				38FE76EA1B1D3A9E001A4822 /* Frameworks */,
				38FE76EB1B1D3A9E001A4822 /* Resources */,
			);
			buildRules = (
			);
			dependencies = (
			);
			name = "Permanent Storage";
			productName = "Permanent Storage";
			productReference = 38FE76ED1B1D3A9E001A4822 /* Permanent Storage.app */;
			productType = "com.apple.product-type.application";
		};
		38FE77011B1D3A9E001A4822 /* Permanent StorageTests */ = {
			isa = PBXNativeTarget;
			buildConfigurationList = 38FE770F1B1D3A9F001A4822 /* Build configuration list for PBXNativeTarget "Permanent StorageTests" */;
			buildPhases = (
				38FE76FE1B1D3A9E001A4822 /* Sources */,
				38FE76FF1B1D3A9E001A4822 /* Frameworks */,
				38FE77001B1D3A9E001A4822 /* Resources */,
			);
			buildRules = (
			);
			dependencies = (
				38FE77041B1D3A9E001A4822 /* PBXTargetDependency */,
			);
			name = "Permanent StorageTests";
			productName = "Permanent StorageTests";
			productReference = 38FE77021B1D3A9E001A4822 /* Permanent StorageTests.xctest */;
			productType = "com.apple.product-type.bundle.unit-test";
		};
/* End PBXNativeTarget section */

/* Begin PBXProject section */
		38FE76E51B1D3A9E001A4822 /* Project object */ = {
			isa = PBXProject;
			attributes = {
				LastUpgradeCheck = 0630;
				ORGANIZATIONNAME = "Julio Ahuactzin";
				TargetAttributes = {
					38FE76EC1B1D3A9E001A4822 = {
						CreatedOnToolsVersion = 6.3.2;
					};
					38FE77011B1D3A9E001A4822 = {
						CreatedOnToolsVersion = 6.3.2;
						TestTargetID = 38FE76EC1B1D3A9E001A4822;
					};
				};
			};
			buildConfigurationList = 38FE76E81B1D3A9E001A4822 /* Build configuration list for PBXProject "Permanent Storage" */;
			compatibilityVersion = "Xcode 3.2";
			developmentRegion = English;
			hasScannedForEncodings = 0;
			knownRegions = (
				en,
				Base,
			);
			mainGroup = 38FE76E41B1D3A9E001A4822;
			productRefGroup = 38FE76EE1B1D3A9E001A4822 /* Products */;
			projectDirPath = "";
			projectRoot = "";
			targets = (
				38FE76EC1B1D3A9E001A4822 /* Permanent Storage */,
				38FE77011B1D3A9E001A4822 /* Permanent StorageTests */,
			);
		};
/* End PBXProject section */

/* Begin PBXResourcesBuildPhase section */
		38FE76EB1B1D3A9E001A4822 /* Resources */ = {
			isa = PBXResourcesBuildPhase;
			buildActionMask = 2147483647;
			files = (
				38FE76F81B1D3A9E001A4822 /* Main.storyboard in Resources */,
				38FE76FD1B1D3A9E001A4822 /* LaunchScreen.xib in Resources */,
				38FE76FA1B1D3A9E001A4822 /* Images.xcassets in Resources */,
			);
			runOnlyForDeploymentPostprocessing = 0;
		};
		38FE77001B1D3A9E001A4822 /* Resources */ = {
			isa = PBXResourcesBuildPhase;
			buildActionMask = 2147483647;
			files = (
			);
			runOnlyForDeploymentPostprocessing = 0;
		};
/* End PBXResourcesBuildPhase section */

/* Begin PBXSourcesBuildPhase section */
		38FE76E91B1D3A9E001A4822 /* Sources */ = {
			isa = PBXSourcesBuildPhase;
			buildActionMask = 2147483647;
			files = (
				38FE76F51B1D3A9E001A4822 /* ViewController.swift in Sources */,
				38FE76F31B1D3A9E001A4822 /* AppDelegate.swift in Sources */,
			);
			runOnlyForDeploymentPostprocessing = 0;
		};
		38FE76FE1B1D3A9E001A4822 /* Sources */ = {
			isa = PBXSourcesBuildPhase;
			buildActionMask = 2147483647;
			files = (
				38FE77091B1D3A9F001A4822 /* Permanent_StorageTests.swift in Sources */,
			);
			runOnlyForDeploymentPostprocessing = 0;
		};
/* End PBXSourcesBuildPhase section */

/* Begin PBXTargetDependency section */
		38FE77041B1D3A9E001A4822 /* PBXTargetDependency */ = {
			isa = PBXTargetDependency;
			target = 38FE76EC1B1D3A9E001A4822 /* Permanent Storage */;
			targetProxy = 38FE77031B1D3A9E001A4822 /* PBXContainerItemProxy */;
		};
/* End PBXTargetDependency section */

/* Begin PBXVariantGroup section */
		38FE76F61B1D3A9E001A4822 /* Main.storyboard */ = {
			isa = PBXVariantGroup;
			children = (
				38FE76F71B1D3A9E001A4822 /* Base */,
			);
			name = Main.storyboard;
			sourceTree = "<group>";
		};
		38FE76FB1B1D3A9E001A4822 /* LaunchScreen.xib */ = {
			isa = PBXVariantGroup;
			children = (
				38FE76FC1B1D3A9E001A4822 /* Base */,
			);
			name = LaunchScreen.xib;
			sourceTree = "<group>";
		};
/* End PBXVariantGroup section */

/* Begin XCBuildConfiguration section */
		38FE770A1B1D3A9F001A4822 /* Debug */ = {
			isa = XCBuildConfiguration;
			buildSettings = {
				ALWAYS_SEARCH_USER_PATHS = NO;
				CLANG_CXX_LANGUAGE_STANDARD = "gnu++0x";
				CLANG_CXX_LIBRARY = "libc++";
				CLANG_ENABLE_MODULES = YES;
				CLANG_ENABLE_OBJC_ARC = YES;
				CLANG_WARN_BOOL_CONVERSION = YES;
				CLANG_WARN_CONSTANT_CONVERSION = YES;
				CLANG_WARN_DIRECT_OBJC_ISA_USAGE = YES_ERROR;
				CLANG_WARN_EMPTY_BODY = YES;
				CLANG_WARN_ENUM_CONVERSION = YES;
				CLANG_WARN_INT_CONVERSION = YES;
				CLANG_WARN_OBJC_ROOT_CLASS = YES_ERROR;
				CLANG_WARN_UNREACHABLE_CODE = YES;
				CLANG_WARN__DUPLICATE_METHOD_MATCH = YES;
				"CODE_SIGN_IDENTITY[sdk=iphoneos*]" = "iPhone Developer";
				COPY_PHASE_STRIP = NO;
				DEBUG_INFORMATION_FORMAT = "dwarf-with-dsym";
				ENABLE_STRICT_OBJC_MSGSEND = YES;
				GCC_C_LANGUAGE_STANDARD = gnu99;
				GCC_DYNAMIC_NO_PIC = NO;
				GCC_NO_COMMON_BLOCKS = YES;
				GCC_OPTIMIZATION_LEVEL = 0;
				GCC_PREPROCESSOR_DEFINITIONS = (
					"DEBUG=1",
					"$(inherited)",
				);
				GCC_SYMBOLS_PRIVATE_EXTERN = NO;
				GCC_WARN_64_TO_32_BIT_CONVERSION = YES;
				GCC_WARN_ABOUT_RETURN_TYPE = YES_ERROR;
				GCC_WARN_UNDECLARED_SELECTOR = YES;
				GCC_WARN_UNINITIALIZED_AUTOS = YES_AGGRESSIVE;
				GCC_WARN_UNUSED_FUNCTION = YES;
				GCC_WARN_UNUSED_VARIABLE = YES;
				IPHONEOS_DEPLOYMENT_TARGET = 8.3;
				MTL_ENABLE_DEBUG_INFO = YES;
				ONLY_ACTIVE_ARCH = YES;
				SDKROOT = iphoneos;
				SWIFT_OPTIMIZATION_LEVEL = "-Onone";
			};
			name = Debug;
		};
		38FE770B1B1D3A9F001A4822 /* Release */ = {
			isa = XCBuildConfiguration;
			buildSettings = {
				ALWAYS_SEARCH_USER_PATHS = NO;
				CLANG_CXX_LANGUAGE_STANDARD = "gnu++0x";
				CLANG_CXX_LIBRARY = "libc++";
				CLANG_ENABLE_MODULES = YES;
				CLANG_ENABLE_OBJC_ARC = YES;
				CLANG_WARN_BOOL_CONVERSION = YES;
				CLANG_WARN_CONSTANT_CONVERSION = YES;
				CLANG_WARN_DIRECT_OBJC_ISA_USAGE = YES_ERROR;
				CLANG_WARN_EMPTY_BODY = YES;
				CLANG_WARN_ENUM_CONVERSION = YES;
				CLANG_WARN_INT_CONVERSION = YES;
				CLANG_WARN_OBJC_ROOT_CLASS = YES_ERROR;
				CLANG_WARN_UNREACHABLE_CODE = YES;
				CLANG_WARN__DUPLICATE_METHOD_MATCH = YES;
				"CODE_SIGN_IDENTITY[sdk=iphoneos*]" = "iPhone Developer";
				COPY_PHASE_STRIP = NO;
				DEBUG_INFORMATION_FORMAT = "dwarf-with-dsym";
				ENABLE_NS_ASSERTIONS = NO;
				ENABLE_STRICT_OBJC_MSGSEND = YES;
				GCC_C_LANGUAGE_STANDARD = gnu99;
				GCC_NO_COMMON_BLOCKS = YES;
				GCC_WARN_64_TO_32_BIT_CONVERSION = YES;
				GCC_WARN_ABOUT_RETURN_TYPE = YES_ERROR;
				GCC_WARN_UNDECLARED_SELECTOR = YES;
				GCC_WARN_UNINITIALIZED_AUTOS = YES_AGGRESSIVE;
				GCC_WARN_UNUSED_FUNCTION = YES;
				GCC_WARN_UNUSED_VARIABLE = YES;
				IPHONEOS_DEPLOYMENT_TARGET = 8.3;
				MTL_ENABLE_DEBUG_INFO = NO;
				SDKROOT = iphoneos;
				VALIDATE_PRODUCT = YES;
			};
			name = Release;
		};
		38FE770D1B1D3A9F001A4822 /* Debug */ = {
			isa = XCBuildConfiguration;
			buildSettings = {
				ASSETCATALOG_COMPILER_APPICON_NAME = AppIcon;
				INFOPLIST_FILE = "Permanent Storage/Info.plist";
				LD_RUNPATH_SEARCH_PATHS = "$(inherited) @executable_path/Frameworks";
				PRODUCT_NAME = "$(TARGET_NAME)";
			};
			name = Debug;
		};
		38FE770E1B1D3A9F001A4822 /* Release */ = {
			isa = XCBuildConfiguration;
			buildSettings = {
				ASSETCATALOG_COMPILER_APPICON_NAME = AppIcon;
				INFOPLIST_FILE = "Permanent Storage/Info.plist";
				LD_RUNPATH_SEARCH_PATHS = "$(inherited) @executable_path/Frameworks";
				PRODUCT_NAME = "$(TARGET_NAME)";
			};
			name = Release;
		};
		38FE77101B1D3A9F001A4822 /* Debug */ = {
			isa = XCBuildConfiguration;
			buildSettings = {
				BUNDLE_LOADER = "$(TEST_HOST)";
				FRAMEWORK_SEARCH_PATHS = (
					"$(SDKROOT)/Developer/Library/Frameworks",
					"$(inherited)",
				);
				GCC_PREPROCESSOR_DEFINITIONS = (
					"DEBUG=1",
					"$(inherited)",
				);
				INFOPLIST_FILE = "Permanent StorageTests/Info.plist";
				LD_RUNPATH_SEARCH_PATHS = "$(inherited) @executable_path/Frameworks @loader_path/Frameworks";
				PRODUCT_NAME = "$(TARGET_NAME)";
				TEST_HOST = "$(BUILT_PRODUCTS_DIR)/Permanent Storage.app/Permanent Storage";
			};
			name = Debug;
		};
		38FE77111B1D3A9F001A4822 /* Release */ = {
			isa = XCBuildConfiguration;
			buildSettings = {
				BUNDLE_LOADER = "$(TEST_HOST)";
				FRAMEWORK_SEARCH_PATHS = (
					"$(SDKROOT)/Developer/Library/Frameworks",
					"$(inherited)",
				);
				INFOPLIST_FILE = "Permanent StorageTests/Info.plist";
				LD_RUNPATH_SEARCH_PATHS = "$(inherited) @executable_path/Frameworks @loader_path/Frameworks";
				PRODUCT_NAME = "$(TARGET_NAME)";
				TEST_HOST = "$(BUILT_PRODUCTS_DIR)/Permanent Storage.app/Permanent Storage";
			};
			name = Release;
		};
/* End XCBuildConfiguration section */

/* Begin XCConfigurationList section */
		38FE76E81B1D3A9E001A4822 /* Build configuration list for PBXProject "Permanent Storage" */ = {
			isa = XCConfigurationList;
			buildConfigurations = (
				38FE770A1B1D3A9F001A4822 /* Debug */,
				38FE770B1B1D3A9F001A4822 /* Release */,
			);
			defaultConfigurationIsVisible = 0;
			defaultConfigurationName = Release;
		};
		38FE770C1B1D3A9F001A4822 /* Build configuration list for PBXNativeTarget "Permanent Storage" */ = {
			isa = XCConfigurationList;
			buildConfigurations = (
				38FE770D1B1D3A9F001A4822 /* Debug */,
				38FE770E1B1D3A9F001A4822 /* Release */,
			);
			defaultConfigurationIsVisible = 0;
		};
		38FE770F1B1D3A9F001A4822 /* Build configuration list for PBXNativeTarget "Permanent StorageTests" */ = {
			isa = XCConfigurationList;
			buildConfigurations = (
				38FE77101B1D3A9F001A4822 /* Debug */,
				38FE77111B1D3A9F001A4822 /* Release */,
			);
			defaultConfigurationIsVisible = 0;
		};
/* End XCConfigurationList section */
	};
	rootObject = 38FE76E51B1D3A9E001A4822 /* Project object */;
}
